
Microsoft Visual Studio Solution File, Format Version 12.00
# Visual Studio Version 17
VisualStudioVersion = 17.2.32630.192
MinimumVisualStudioVersion = 10.0.40219.1
Project("{9A19103F-16F7-4668-BE54-9A1E7A4F7556}") = "Master", "Master.csproj", "{F8A5D730-B45F-4811-B2AD-7090ABA7FB64}"
EndProject
Project("{9A19103F-16F7-4668-BE54-9A1E7A4F7556}") = "UT", "..\UT\UT.csproj", "{43DACB32-7FD2-41C1-A3FF-ED83C6DFB7EE}"
EndProject
Project("{FAE04EC0-301F-11D3-BF4B-00C04F79EFBC}") = "Integration", "..\Integration\Integration.csproj", "{366079E3-D000-4752-B79F-70EDC9F84073}"
EndProject
Global
	GlobalSection(SolutionConfigurationPlatforms) = preSolution
		Debug|Any CPU = Debug|Any CPU
		Develop|Any CPU = Develop|Any CPU
		Homolog|Any CPU = Homolog|Any CPU
		MassLoad|Any CPU = MassLoad|Any CPU
		QA|Any CPU = QA|Any CPU
		Release|Any CPU = Release|Any CPU
	EndGlobalSection
	GlobalSection(ProjectConfigurationPlatforms) = postSolution
		{F8A5D730-B45F-4811-B2AD-7090ABA7FB64}.Debug|Any CPU.ActiveCfg = Debug|Any CPU
		{F8A5D730-B45F-4811-B2AD-7090ABA7FB64}.Debug|Any CPU.Build.0 = Debug|Any CPU
		{F8A5D730-B45F-4811-B2AD-7090ABA7FB64}.Develop|Any CPU.ActiveCfg = Develop|Any CPU
		{F8A5D730-B45F-4811-B2AD-7090ABA7FB64}.Develop|Any CPU.Build.0 = Develop|Any CPU
		{F8A5D730-B45F-4811-B2AD-7090ABA7FB64}.Homolog|Any CPU.ActiveCfg = Homolog|Any CPU
		{F8A5D730-B45F-4811-B2AD-7090ABA7FB64}.Homolog|Any CPU.Build.0 = Homolog|Any CPU
		{F8A5D730-B45F-4811-B2AD-7090ABA7FB64}.MassLoad|Any CPU.ActiveCfg = MassLoad|Any CPU
		{F8A5D730-B45F-4811-B2AD-7090ABA7FB64}.MassLoad|Any CPU.Build.0 = MassLoad|Any CPU
		{F8A5D730-B45F-4811-B2AD-7090ABA7FB64}.QA|Any CPU.ActiveCfg = QA|Any CPU
		{F8A5D730-B45F-4811-B2AD-7090ABA7FB64}.QA|Any CPU.Build.0 = QA|Any CPU
		{F8A5D730-B45F-4811-B2AD-7090ABA7FB64}.Release|Any CPU.ActiveCfg = Release|Any CPU
		{F8A5D730-B45F-4811-B2AD-7090ABA7FB64}.Release|Any CPU.Build.0 = Release|Any CPU
		{43DACB32-7FD2-41C1-A3FF-ED83C6DFB7EE}.Debug|Any CPU.ActiveCfg = Debug|Any CPU
		{43DACB32-7FD2-41C1-A3FF-ED83C6DFB7EE}.Debug|Any CPU.Build.0 = Debug|Any CPU
		{43DACB32-7FD2-41C1-A3FF-ED83C6DFB7EE}.Develop|Any CPU.ActiveCfg = Debug|Any CPU
		{43DACB32-7FD2-41C1-A3FF-ED83C6DFB7EE}.Develop|Any CPU.Build.0 = Debug|Any CPU
		{43DACB32-7FD2-41C1-A3FF-ED83C6DFB7EE}.Homolog|Any CPU.ActiveCfg = Debug|Any CPU
		{43DACB32-7FD2-41C1-A3FF-ED83C6DFB7EE}.Homolog|Any CPU.Build.0 = Debug|Any CPU
		{43DACB32-7FD2-41C1-A3FF-ED83C6DFB7EE}.MassLoad|Any CPU.ActiveCfg = Debug|Any CPU
		{43DACB32-7FD2-41C1-A3FF-ED83C6DFB7EE}.MassLoad|Any CPU.Build.0 = Debug|Any CPU
		{43DACB32-7FD2-41C1-A3FF-ED83C6DFB7EE}.QA|Any CPU.ActiveCfg = Debug|Any CPU
		{43DACB32-7FD2-41C1-A3FF-ED83C6DFB7EE}.QA|Any CPU.Build.0 = Debug|Any CPU
		{43DACB32-7FD2-41C1-A3FF-ED83C6DFB7EE}.Release|Any CPU.ActiveCfg = Release|Any CPU
		{43DACB32-7FD2-41C1-A3FF-ED83C6DFB7EE}.Release|Any CPU.Build.0 = Release|Any CPU
		{366079E3-D000-4752-B79F-70EDC9F84073}.Debug|Any CPU.ActiveCfg = Debug|Any CPU
		{366079E3-D000-4752-B79F-70EDC9F84073}.Debug|Any CPU.Build.0 = Debug|Any CPU
		{366079E3-D000-4752-B79F-70EDC9F84073}.Develop|Any CPU.ActiveCfg = Debug|Any CPU
		{366079E3-D000-4752-B79F-70EDC9F84073}.Develop|Any CPU.Build.0 = Debug|Any CPU
		{366079E3-D000-4752-B79F-70EDC9F84073}.Homolog|Any CPU.ActiveCfg = Debug|Any CPU
		{366079E3-D000-4752-B79F-70EDC9F84073}.Homolog|Any CPU.Build.0 = Debug|Any CPU
		{366079E3-D000-4752-B79F-70EDC9F84073}.MassLoad|Any CPU.ActiveCfg = Debug|Any CPU
		{366079E3-D000-4752-B79F-70EDC9F84073}.MassLoad|Any CPU.Build.0 = Debug|Any CPU
		{366079E3-D000-4752-B79F-70EDC9F84073}.QA|Any CPU.ActiveCfg = Debug|Any CPU
		{366079E3-D000-4752-B79F-70EDC9F84073}.QA|Any CPU.Build.0 = Debug|Any CPU
		{366079E3-D000-4752-B79F-70EDC9F84073}.Release|Any CPU.ActiveCfg = Release|Any CPU
		{366079E3-D000-4752-B79F-70EDC9F84073}.Release|Any CPU.Build.0 = Release|Any CPU
	EndGlobalSection
	GlobalSection(SolutionProperties) = preSolution
		HideSolutionNode = FALSE
	EndGlobalSection
	GlobalSection(ExtensibilityGlobals) = postSolution
		SolutionGuid = {9871C8B6-929B-4472-B64A-2B5C7929B8FD}
	EndGlobalSection
EndGlobal
